
Microsoft Visual Studio Solution File, Format Version 12.00
# Visual Studio Version 17
VisualStudioVersion = 17.3.32901.215
MinimumVisualStudioVersion = 10.0.40219.1
Project("{FAE04EC0-301F-11D3-BF4B-00C04F79EFBC}") = "Mythic Game Master Emulator", "Mythic Game Master Emulator\Mythic Game Master Emulator.csproj", "{FD9FEF85-93D3-40B6-8C10-F510A1378F66}"
EndProject
Global
	GlobalSection(SolutionConfigurationPlatforms) = preSolution
		Debug|Any CPU = Debug|Any CPU
		Release|Any CPU = Release|Any CPU
	EndGlobalSection
	GlobalSection(ProjectConfigurationPlatforms) = postSolution
		{FD9FEF85-93D3-40B6-8C10-F510A1378F66}.Debug|Any CPU.ActiveCfg = Debug|Any CPU
		{FD9FEF85-93D3-40B6-8C10-F510A1378F66}.Debug|Any CPU.Build.0 = Debug|Any CPU
		{FD9FEF85-93D3-40B6-8C10-F510A1378F66}.Release|Any CPU.ActiveCfg = Release|Any CPU
		{FD9FEF85-93D3-40B6-8C10-F510A1378F66}.Release|Any CPU.Build.0 = Release|Any CPU
	EndGlobalSection
	GlobalSection(SolutionProperties) = preSolution
		HideSolutionNode = FALSE
	EndGlobalSection
	GlobalSection(ExtensibilityGlobals) = postSolution
		SolutionGuid = {3B497B70-65BC-4572-BD4D-04EAF655869E}
	EndGlobalSection
EndGlobal
